// !$*UTF8*$!
{
	archiveVersion = 1;
	classes = {
	};
	objectVersion = 46;
	objects = {

/* Begin PBXBuildFile section */
		2C16318E1FDC8781000E8B69 /* glf.c in Sources */ = {isa = PBXBuildFile; fileRef = 2C16318C1FDC8781000E8B69 /* glf.c */; };
		2C38C6D41FB6F36300A04517 /* Energy.cpp in Sources */ = {isa = PBXBuildFile; fileRef = 2C38C6D21FB6F36200A04517 /* Energy.cpp */; };
		2C51BFC71FC3056C00589B91 /* Overworld.cpp in Sources */ = {isa = PBXBuildFile; fileRef = 2C51BFC51FC3056C00589B91 /* Overworld.cpp */; };
		2C9E17C61F84EF5600DDDBE7 /* main.cpp in Sources */ = {isa = PBXBuildFile; fileRef = 2C9E17C51F84EF5600DDDBE7 /* main.cpp */; };
		2C9E17CE1F84F3C300DDDBE7 /* DrawWindow.cpp in Sources */ = {isa = PBXBuildFile; fileRef = 2C9E17CC1F84F3C300DDDBE7 /* DrawWindow.cpp */; };
		2C9E17D11F8BE97800DDDBE7 /* lodepng.cpp in Sources */ = {isa = PBXBuildFile; fileRef = 2C9E17CF1F8BE97800DDDBE7 /* lodepng.cpp */; };
		2C9E17D61F8D18F900DDDBE7 /* Movement.cpp in Sources */ = {isa = PBXBuildFile; fileRef = 2C9E17D41F8D18F900DDDBE7 /* Movement.cpp */; };
		2C9E17DB1F8E3A9B00DDDBE7 /* Game.cpp in Sources */ = {isa = PBXBuildFile; fileRef = 2C9E17D91F8E3A9B00DDDBE7 /* Game.cpp */; };
		2C9E17DE1F90F93E00DDDBE7 /* MapCell.cpp in Sources */ = {isa = PBXBuildFile; fileRef = 2C9E17DC1F90F93E00DDDBE7 /* MapCell.cpp */; };
/* End PBXBuildFile section */

/* Begin PBXCopyFilesBuildPhase section */
		2C9E17C01F84EF5600DDDBE7 /* CopyFiles */ = {
			isa = PBXCopyFilesBuildPhase;
			buildActionMask = 2147483647;
			dstPath = /usr/share/man/man1/;
			dstSubfolderSpec = 0;
			files = (
			);
			runOnlyForDeploymentPostprocessing = 1;
		};
/* End PBXCopyFilesBuildPhase section */

/* Begin PBXFileReference section */
		2C16318C1FDC8781000E8B69 /* glf.c */ = {isa = PBXFileReference; fileEncoding = 4; lastKnownFileType = sourcecode.c.c; path = glf.c; sourceTree = "<group>"; };
		2C16318D1FDC8781000E8B69 /* glf.h */ = {isa = PBXFileReference; fileEncoding = 4; lastKnownFileType = sourcecode.c.h; path = glf.h; sourceTree = "<group>"; };
		2C1631941FE45040000E8B69 /* tileset1.png */ = {isa = PBXFileReference; lastKnownFileType = image.png; name = tileset1.png; path = HPRL/art/tileset1.png; sourceTree = SOURCE_ROOT; };
		2C1631961FFF9FDA000E8B69 /* fonts */ = {isa = PBXFileReference; lastKnownFileType = folder; name = fonts; path = HPRL/fonts; sourceTree = "<group>"; };
		2C1631971FFF9FEC000E8B69 /* art */ = {isa = PBXFileReference; lastKnownFileType = folder; name = art; path = HPRL/art; sourceTree = "<group>"; };
		2C38C6D21FB6F36200A04517 /* Energy.cpp */ = {isa = PBXFileReference; fileEncoding = 4; lastKnownFileType = sourcecode.cpp.cpp; path = Energy.cpp; sourceTree = "<group>"; };
		2C38C6D31FB6F36200A04517 /* Energy.hpp */ = {isa = PBXFileReference; fileEncoding = 4; lastKnownFileType = sourcecode.cpp.h; path = Energy.hpp; sourceTree = "<group>"; };
		2C51BFC51FC3056C00589B91 /* Overworld.cpp */ = {isa = PBXFileReference; fileEncoding = 4; lastKnownFileType = sourcecode.cpp.cpp; path = Overworld.cpp; sourceTree = "<group>"; };
		2C51BFC61FC3056C00589B91 /* Overworld.hpp */ = {isa = PBXFileReference; fileEncoding = 4; lastKnownFileType = sourcecode.cpp.h; path = Overworld.hpp; sourceTree = "<group>"; };
		2C9E17C21F84EF5600DDDBE7 /* HPRL */ = {isa = PBXFileReference; explicitFileType = "compiled.mach-o.executable"; includeInIndex = 0; path = HPRL; sourceTree = BUILT_PRODUCTS_DIR; };
		2C9E17C51F84EF5600DDDBE7 /* main.cpp */ = {isa = PBXFileReference; lastKnownFileType = sourcecode.cpp.cpp; path = main.cpp; sourceTree = "<group>"; };
		2C9E17CC1F84F3C300DDDBE7 /* DrawWindow.cpp */ = {isa = PBXFileReference; fileEncoding = 4; lastKnownFileType = sourcecode.cpp.cpp; path = DrawWindow.cpp; sourceTree = "<group>"; };
		2C9E17CD1F84F3C300DDDBE7 /* DrawWindow.hpp */ = {isa = PBXFileReference; fileEncoding = 4; lastKnownFileType = sourcecode.cpp.h; path = DrawWindow.hpp; sourceTree = "<group>"; };
		2C9E17CF1F8BE97800DDDBE7 /* lodepng.cpp */ = {isa = PBXFileReference; fileEncoding = 4; lastKnownFileType = sourcecode.cpp.cpp; path = lodepng.cpp; sourceTree = "<group>"; };
		2C9E17D01F8BE97800DDDBE7 /* lodepng.h */ = {isa = PBXFileReference; fileEncoding = 4; lastKnownFileType = sourcecode.c.h; path = lodepng.h; sourceTree = "<group>"; };
		2C9E17D31F8CF86700DDDBE7 /* Common.h */ = {isa = PBXFileReference; lastKnownFileType = sourcecode.c.h; path = Common.h; sourceTree = "<group>"; };
		2C9E17D41F8D18F900DDDBE7 /* Movement.cpp */ = {isa = PBXFileReference; fileEncoding = 4; lastKnownFileType = sourcecode.cpp.cpp; path = Movement.cpp; sourceTree = "<group>"; };
		2C9E17D51F8D18F900DDDBE7 /* Movement.hpp */ = {isa = PBXFileReference; fileEncoding = 4; lastKnownFileType = sourcecode.cpp.h; path = Movement.hpp; sourceTree = "<group>"; };
		2C9E17D81F8D195200DDDBE7 /* System.h */ = {isa = PBXFileReference; fileEncoding = 4; lastKnownFileType = sourcecode.c.h; path = System.h; sourceTree = "<group>"; };
		2C9E17D91F8E3A9B00DDDBE7 /* Game.cpp */ = {isa = PBXFileReference; fileEncoding = 4; lastKnownFileType = sourcecode.cpp.cpp; path = Game.cpp; sourceTree = "<group>"; };
		2C9E17DA1F8E3A9B00DDDBE7 /* Game.hpp */ = {isa = PBXFileReference; fileEncoding = 4; lastKnownFileType = sourcecode.cpp.h; path = Game.hpp; sourceTree = "<group>"; };
		2C9E17DC1F90F93E00DDDBE7 /* MapCell.cpp */ = {isa = PBXFileReference; fileEncoding = 4; lastKnownFileType = sourcecode.cpp.cpp; path = MapCell.cpp; sourceTree = "<group>"; };
		2C9E17DD1F90F93E00DDDBE7 /* MapCell.hpp */ = {isa = PBXFileReference; fileEncoding = 4; lastKnownFileType = sourcecode.cpp.h; path = MapCell.hpp; sourceTree = "<group>"; };
/* End PBXFileReference section */

/* Begin PBXFrameworksBuildPhase section */
		2C9E17BF1F84EF5600DDDBE7 /* Frameworks */ = {
			isa = PBXFrameworksBuildPhase;
			buildActionMask = 2147483647;
			files = (
			);
			runOnlyForDeploymentPostprocessing = 0;
		};
/* End PBXFrameworksBuildPhase section */

/* Begin PBXGroup section */
		2C9E17B91F84EF5600DDDBE7 = {
			isa = PBXGroup;
			children = (
				2C1631971FFF9FEC000E8B69 /* art */,
				2C1631961FFF9FDA000E8B69 /* fonts */,
				2C1631941FE45040000E8B69 /* tileset1.png */,
				2C16318C1FDC8781000E8B69 /* glf.c */,
				2C16318D1FDC8781000E8B69 /* glf.h */,
				2C9E17C41F84EF5600DDDBE7 /* HPRL */,
				2C9E17C31F84EF5600DDDBE7 /* Products */,
			);
			sourceTree = "<group>";
		};
		2C9E17C31F84EF5600DDDBE7 /* Products */ = {
			isa = PBXGroup;
			children = (
				2C9E17C21F84EF5600DDDBE7 /* HPRL */,
			);
			name = Products;
			sourceTree = "<group>";
		};
		2C9E17C41F84EF5600DDDBE7 /* HPRL */ = {
			isa = PBXGroup;
			children = (
				2C9E17D41F8D18F900DDDBE7 /* Movement.cpp */,
				2C9E17D51F8D18F900DDDBE7 /* Movement.hpp */,
				2C9E17C51F84EF5600DDDBE7 /* main.cpp */,
				2C9E17CF1F8BE97800DDDBE7 /* lodepng.cpp */,
				2C9E17D01F8BE97800DDDBE7 /* lodepng.h */,
				2C9E17CC1F84F3C300DDDBE7 /* DrawWindow.cpp */,
				2C9E17CD1F84F3C300DDDBE7 /* DrawWindow.hpp */,
				2C9E17D31F8CF86700DDDBE7 /* Common.h */,
				2C9E17D81F8D195200DDDBE7 /* System.h */,
				2C9E17D91F8E3A9B00DDDBE7 /* Game.cpp */,
				2C9E17DA1F8E3A9B00DDDBE7 /* Game.hpp */,
				2C9E17DC1F90F93E00DDDBE7 /* MapCell.cpp */,
				2C9E17DD1F90F93E00DDDBE7 /* MapCell.hpp */,
				2C38C6D21FB6F36200A04517 /* Energy.cpp */,
				2C38C6D31FB6F36200A04517 /* Energy.hpp */,
				2C51BFC51FC3056C00589B91 /* Overworld.cpp */,
				2C51BFC61FC3056C00589B91 /* Overworld.hpp */,
			);
			path = HPRL;
			sourceTree = "<group>";
		};
/* End PBXGroup section */

/* Begin PBXNativeTarget section */
		2C9E17C11F84EF5600DDDBE7 /* HPRL */ = {
			isa = PBXNativeTarget;
			buildConfigurationList = 2C9E17C91F84EF5600DDDBE7 /* Build configuration list for PBXNativeTarget "HPRL" */;
			buildPhases = (
				2C9E17BE1F84EF5600DDDBE7 /* Sources */,
				2C9E17BF1F84EF5600DDDBE7 /* Frameworks */,
				2C9E17C01F84EF5600DDDBE7 /* CopyFiles */,
			);
			buildRules = (
			);
			dependencies = (
			);
			name = HPRL;
			productName = HPRL;
			productReference = 2C9E17C21F84EF5600DDDBE7 /* HPRL */;
			productType = "com.apple.product-type.tool";
		};
/* End PBXNativeTarget section */

/* Begin PBXProject section */
		2C9E17BA1F84EF5600DDDBE7 /* Project object */ = {
			isa = PBXProject;
			attributes = {
				LastUpgradeCheck = 0720;
				ORGANIZATIONNAME = "Marcus Holm";
				TargetAttributes = {
					2C9E17C11F84EF5600DDDBE7 = {
						CreatedOnToolsVersion = 7.2.1;
					};
				};
			};
			buildConfigurationList = 2C9E17BD1F84EF5600DDDBE7 /* Build configuration list for PBXProject "HPRL" */;
			compatibilityVersion = "Xcode 3.2";
			developmentRegion = English;
			hasScannedForEncodings = 0;
			knownRegions = (
				en,
			);
			mainGroup = 2C9E17B91F84EF5600DDDBE7;
			productRefGroup = 2C9E17C31F84EF5600DDDBE7 /* Products */;
			projectDirPath = "";
			projectRoot = "";
			targets = (
				2C9E17C11F84EF5600DDDBE7 /* HPRL */,
			);
		};
/* End PBXProject section */

/* Begin PBXSourcesBuildPhase section */
		2C9E17BE1F84EF5600DDDBE7 /* Sources */ = {
			isa = PBXSourcesBuildPhase;
			buildActionMask = 2147483647;
			files = (
				2C16318E1FDC8781000E8B69 /* glf.c in Sources */,
				2C9E17D61F8D18F900DDDBE7 /* Movement.cpp in Sources */,
				2C38C6D41FB6F36300A04517 /* Energy.cpp in Sources */,
				2C51BFC71FC3056C00589B91 /* Overworld.cpp in Sources */,
				2C9E17D11F8BE97800DDDBE7 /* lodepng.cpp in Sources */,
				2C9E17DE1F90F93E00DDDBE7 /* MapCell.cpp in Sources */,
				2C9E17C61F84EF5600DDDBE7 /* main.cpp in Sources */,
				2C9E17CE1F84F3C300DDDBE7 /* DrawWindow.cpp in Sources */,
				2C9E17DB1F8E3A9B00DDDBE7 /* Game.cpp in Sources */,
			);
			runOnlyForDeploymentPostprocessing = 0;
		};
/* End PBXSourcesBuildPhase section */

/* Begin XCBuildConfiguration section */
		2C9E17C71F84EF5600DDDBE7 /* Debug */ = {
			isa = XCBuildConfiguration;
			buildSettings = {
				ALWAYS_SEARCH_USER_PATHS = NO;
				CLANG_CXX_LANGUAGE_STANDARD = "gnu++0x";
				CLANG_CXX_LIBRARY = "libc++";
				CLANG_ENABLE_MODULES = YES;
				CLANG_ENABLE_OBJC_ARC = YES;
				CLANG_WARN_BOOL_CONVERSION = YES;
				CLANG_WARN_CONSTANT_CONVERSION = YES;
				CLANG_WARN_DIRECT_OBJC_ISA_USAGE = YES_ERROR;
				CLANG_WARN_EMPTY_BODY = YES;
				CLANG_WARN_ENUM_CONVERSION = YES;
				CLANG_WARN_INT_CONVERSION = YES;
				CLANG_WARN_OBJC_ROOT_CLASS = YES_ERROR;
				CLANG_WARN_UNREACHABLE_CODE = YES;
				CLANG_WARN__DUPLICATE_METHOD_MATCH = YES;
				CODE_SIGN_IDENTITY = "-";
				COPY_PHASE_STRIP = NO;
				DEBUG_INFORMATION_FORMAT = dwarf;
				EMBED_ASSET_PACKS_IN_PRODUCT_BUNDLE = YES;
				ENABLE_STRICT_OBJC_MSGSEND = YES;
				ENABLE_TESTABILITY = YES;
				GCC_C_LANGUAGE_STANDARD = gnu99;
				GCC_DYNAMIC_NO_PIC = NO;
				GCC_NO_COMMON_BLOCKS = YES;
				GCC_OPTIMIZATION_LEVEL = 0;
				GCC_PREPROCESSOR_DEFINITIONS = (
					"DEBUG=1",
					"$(inherited)",
				);
				GCC_WARN_64_TO_32_BIT_CONVERSION = YES;
				GCC_WARN_ABOUT_RETURN_TYPE = YES_ERROR;
				GCC_WARN_UNDECLARED_SELECTOR = YES;
				GCC_WARN_UNINITIALIZED_AUTOS = YES_AGGRESSIVE;
				GCC_WARN_UNUSED_FUNCTION = YES;
				GCC_WARN_UNUSED_VARIABLE = YES;
				"HEADER_SEARCH_PATHS[arch=*]" = /usr/local/include;
				MACOSX_DEPLOYMENT_TARGET = 10.10;
				MTL_ENABLE_DEBUG_INFO = YES;
				ONLY_ACTIVE_ARCH = YES;
				"OTHER_LDFLAGS[arch=*]" = (
					"-L/usr/local/lib",
					"-lfltk_gl",
					"-framework",
					AGL,
					"-framework",
					OpenGL,
					"-framework",
					ApplicationServices,
					"-lfltk",
					"-framework",
					Cocoa,
				);
				SDKROOT = macosx;
			};
			name = Debug;
		};
		2C9E17C81F84EF5600DDDBE7 /* Release */ = {
			isa = XCBuildConfiguration;
			buildSettings = {
				ALWAYS_SEARCH_USER_PATHS = NO;
				CLANG_CXX_LANGUAGE_STANDARD = "gnu++0x";
				CLANG_CXX_LIBRARY = "libc++";
				CLANG_ENABLE_MODULES = YES;
				CLANG_ENABLE_OBJC_ARC = YES;
				CLANG_WARN_BOOL_CONVERSION = YES;
				CLANG_WARN_CONSTANT_CONVERSION = YES;
				CLANG_WARN_DIRECT_OBJC_ISA_USAGE = YES_ERROR;
				CLANG_WARN_EMPTY_BODY = YES;
				CLANG_WARN_ENUM_CONVERSION = YES;
				CLANG_WARN_INT_CONVERSION = YES;
				CLANG_WARN_OBJC_ROOT_CLASS = YES_ERROR;
				CLANG_WARN_UNREACHABLE_CODE = YES;
				CLANG_WARN__DUPLICATE_METHOD_MATCH = YES;
				CODE_SIGN_IDENTITY = "-";
				COPY_PHASE_STRIP = NO;
				DEBUG_INFORMATION_FORMAT = "dwarf-with-dsym";
				EMBED_ASSET_PACKS_IN_PRODUCT_BUNDLE = YES;
				ENABLE_NS_ASSERTIONS = NO;
				ENABLE_STRICT_OBJC_MSGSEND = YES;
				GCC_C_LANGUAGE_STANDARD = gnu99;
				GCC_NO_COMMON_BLOCKS = YES;
				GCC_WARN_64_TO_32_BIT_CONVERSION = YES;
				GCC_WARN_ABOUT_RETURN_TYPE = YES_ERROR;
				GCC_WARN_UNDECLARED_SELECTOR = YES;
				GCC_WARN_UNINITIALIZED_AUTOS = YES_AGGRESSIVE;
				GCC_WARN_UNUSED_FUNCTION = YES;
				GCC_WARN_UNUSED_VARIABLE = YES;
				"HEADER_SEARCH_PATHS[arch=*]" = /usr/local/include;
				MACOSX_DEPLOYMENT_TARGET = 10.10;
				MTL_ENABLE_DEBUG_INFO = NO;
				"OTHER_LDFLAGS[arch=*]" = (
					"-L/usr/local/lib",
					"-lfltk_gl",
					"-framework",
					AGL,
					"-framework",
					OpenGL,
					"-framework",
					ApplicationServices,
					"-lfltk",
					"-framework",
					Cocoa,
				);
				SDKROOT = macosx;
			};
			name = Release;
		};
		2C9E17CA1F84EF5600DDDBE7 /* Debug */ = {
			isa = XCBuildConfiguration;
			buildSettings = {
				"OTHER_LDFLAGS[arch=*]" = (
					"-L/usr/local/lib",
					"-lfltk_gl",
					"-framework",
					AGL,
					"-framework",
					OpenGL,
					"-framework",
					ApplicationServices,
					"-lfltk",
					"-framework",
					Cocoa,
				);
				PRODUCT_NAME = "$(TARGET_NAME)";
			};
			name = Debug;
		};
		2C9E17CB1F84EF5600DDDBE7 /* Release */ = {
			isa = XCBuildConfiguration;
			buildSettings = {
				PRODUCT_NAME = "$(TARGET_NAME)";
			};
			name = Release;
		};
/* End XCBuildConfiguration section */

/* Begin XCConfigurationList section */
		2C9E17BD1F84EF5600DDDBE7 /* Build configuration list for PBXProject "HPRL" */ = {
			isa = XCConfigurationList;
			buildConfigurations = (
				2C9E17C71F84EF5600DDDBE7 /* Debug */,
				2C9E17C81F84EF5600DDDBE7 /* Release */,
			);
			defaultConfigurationIsVisible = 0;
			defaultConfigurationName = Release;
		};
		2C9E17C91F84EF5600DDDBE7 /* Build configuration list for PBXNativeTarget "HPRL" */ = {
			isa = XCConfigurationList;
			buildConfigurations = (
				2C9E17CA1F84EF5600DDDBE7 /* Debug */,
				2C9E17CB1F84EF5600DDDBE7 /* Release */,
			);
			defaultConfigurationIsVisible = 0;
			defaultConfigurationName = Release;
		};
/* End XCConfigurationList section */
	};
	rootObject = 2C9E17BA1F84EF5600DDDBE7 /* Project object */;
}
